
Microsoft Visual Studio Solution File, Format Version 12.00
# Visual Studio Version 17
VisualStudioVersion = 17.9.34728.123
MinimumVisualStudioVersion = 10.0.40219.1
Project("{9A19103F-16F7-4668-BE54-9A1E7A4F7556}") = "PortfolioManagerApi", "PortfolioManagerApi.csproj", "{407879EA-DEFB-4E02-AAFF-6BE68D963C1A}"
EndProject
Project("{FAE04EC0-301F-11D3-BF4B-00C04F79EFBC}") = "PortfolioManagerApi.Dtos", "..\portfolio-manager-api-dtos\PortfolioManagerApi.Dtos.csproj", "{42F9A61F-DF8A-4631-BE01-E46FEBDB8009}"
EndProject
Project("{FAE04EC0-301F-11D3-BF4B-00C04F79EFBC}") = "PortfolioManagerApi.Proxy", "..\PortfolioManagerApi.Proxy\PortfolioManagerApi.Proxy.csproj", "{26B68C34-8002-492C-930E-DB71E6240442}"
EndProject
Project("{FAE04EC0-301F-11D3-BF4B-00C04F79EFBC}") = "PortfolioManagerApi.Repository", "..\PortfolioManagerApi.Repository\PortfolioManagerApi.Repository.csproj", "{F3078090-AFC0-4334-B3C6-D2D21265A669}"
EndProject
Project("{FAE04EC0-301F-11D3-BF4B-00C04F79EFBC}") = "PortfolioManagerApi.Entities", "..\PortfolioManagerApi.Entities\PortfolioManagerApi.Entities.csproj", "{AA16788B-8C48-4A5D-A51B-DC824E871B61}"
EndProject
Global
	GlobalSection(SolutionConfigurationPlatforms) = preSolution
		Debug|Any CPU = Debug|Any CPU
		Release|Any CPU = Release|Any CPU
	EndGlobalSection
	GlobalSection(ProjectConfigurationPlatforms) = postSolution
		{407879EA-DEFB-4E02-AAFF-6BE68D963C1A}.Debug|Any CPU.ActiveCfg = Debug|Any CPU
		{407879EA-DEFB-4E02-AAFF-6BE68D963C1A}.Debug|Any CPU.Build.0 = Debug|Any CPU
		{407879EA-DEFB-4E02-AAFF-6BE68D963C1A}.Release|Any CPU.ActiveCfg = Release|Any CPU
		{407879EA-DEFB-4E02-AAFF-6BE68D963C1A}.Release|Any CPU.Build.0 = Release|Any CPU
		{42F9A61F-DF8A-4631-BE01-E46FEBDB8009}.Debug|Any CPU.ActiveCfg = Debug|Any CPU
		{42F9A61F-DF8A-4631-BE01-E46FEBDB8009}.Debug|Any CPU.Build.0 = Debug|Any CPU
		{42F9A61F-DF8A-4631-BE01-E46FEBDB8009}.Release|Any CPU.ActiveCfg = Release|Any CPU
		{42F9A61F-DF8A-4631-BE01-E46FEBDB8009}.Release|Any CPU.Build.0 = Release|Any CPU
		{26B68C34-8002-492C-930E-DB71E6240442}.Debug|Any CPU.ActiveCfg = Debug|Any CPU
		{26B68C34-8002-492C-930E-DB71E6240442}.Debug|Any CPU.Build.0 = Debug|Any CPU
		{26B68C34-8002-492C-930E-DB71E6240442}.Release|Any CPU.ActiveCfg = Release|Any CPU
		{26B68C34-8002-492C-930E-DB71E6240442}.Release|Any CPU.Build.0 = Release|Any CPU
		{F3078090-AFC0-4334-B3C6-D2D21265A669}.Debug|Any CPU.ActiveCfg = Debug|Any CPU
		{F3078090-AFC0-4334-B3C6-D2D21265A669}.Debug|Any CPU.Build.0 = Debug|Any CPU
		{F3078090-AFC0-4334-B3C6-D2D21265A669}.Release|Any CPU.ActiveCfg = Release|Any CPU
		{F3078090-AFC0-4334-B3C6-D2D21265A669}.Release|Any CPU.Build.0 = Release|Any CPU
		{AA16788B-8C48-4A5D-A51B-DC824E871B61}.Debug|Any CPU.ActiveCfg = Debug|Any CPU
		{AA16788B-8C48-4A5D-A51B-DC824E871B61}.Debug|Any CPU.Build.0 = Debug|Any CPU
		{AA16788B-8C48-4A5D-A51B-DC824E871B61}.Release|Any CPU.ActiveCfg = Release|Any CPU
		{AA16788B-8C48-4A5D-A51B-DC824E871B61}.Release|Any CPU.Build.0 = Release|Any CPU
	EndGlobalSection
	GlobalSection(SolutionProperties) = preSolution
		HideSolutionNode = FALSE
	EndGlobalSection
	GlobalSection(ExtensibilityGlobals) = postSolution
		SolutionGuid = {BAA3541B-EBDB-4462-B8D1-342999D92829}
	EndGlobalSection
EndGlobal
